
Microsoft Visual Studio Solution File, Format Version 12.00
# Visual Studio Version 17
VisualStudioVersion = 17.0.31903.59
MinimumVisualStudioVersion = 10.0.40219.1
Project("{2150E333-8FDC-42A3-9474-1A3956D46DE8}") = "src", "src", "{24E4F9CF-77DE-4390-A6D6-6E26B27A65E2}"
EndProject
Project("{FAE04EC0-301F-11D3-BF4B-00C04F79EFBC}") = "GroupWeaver.Core", "src\Core\GroupWeaver.Core.csproj", "{6C88C5CA-DD32-41C5-8B90-2B49371C8473}"
EndProject
Project("{FAE04EC0-301F-11D3-BF4B-00C04F79EFBC}") = "GroupWeaver.Providers", "src\Providers\GroupWeaver.Providers.csproj", "{B1CA545E-4BEB-499B-86AB-32D14711C0C8}"
EndProject
Project("{FAE04EC0-301F-11D3-BF4B-00C04F79EFBC}") = "GroupWeaver.App", "src\App\GroupWeaver.App.csproj", "{CC55C2F0-0753-4F46-AB46-61986AAE03C1}"
EndProject
Global
	GlobalSection(SolutionConfigurationPlatforms) = preSolution
		Debug|Any CPU = Debug|Any CPU
		Release|Any CPU = Release|Any CPU
	EndGlobalSection
	GlobalSection(SolutionProperties) = preSolution
		HideSolutionNode = FALSE
	EndGlobalSection
	GlobalSection(ProjectConfigurationPlatforms) = postSolution
		{6C88C5CA-DD32-41C5-8B90-2B49371C8473}.Debug|Any CPU.ActiveCfg = Debug|Any CPU
		{6C88C5CA-DD32-41C5-8B90-2B49371C8473}.Debug|Any CPU.Build.0 = Debug|Any CPU
		{6C88C5CA-DD32-41C5-8B90-2B49371C8473}.Release|Any CPU.ActiveCfg = Release|Any CPU
		{6C88C5CA-DD32-41C5-8B90-2B49371C8473}.Release|Any CPU.Build.0 = Release|Any CPU
		{B1CA545E-4BEB-499B-86AB-32D14711C0C8}.Debug|Any CPU.ActiveCfg = Debug|Any CPU
		{B1CA545E-4BEB-499B-86AB-32D14711C0C8}.Debug|Any CPU.Build.0 = Debug|Any CPU
		{B1CA545E-4BEB-499B-86AB-32D14711C0C8}.Release|Any CPU.ActiveCfg = Release|Any CPU
		{B1CA545E-4BEB-499B-86AB-32D14711C0C8}.Release|Any CPU.Build.0 = Release|Any CPU
		{CC55C2F0-0753-4F46-AB46-61986AAE03C1}.Debug|Any CPU.ActiveCfg = Debug|Any CPU
		{CC55C2F0-0753-4F46-AB46-61986AAE03C1}.Debug|Any CPU.Build.0 = Debug|Any CPU
		{CC55C2F0-0753-4F46-AB46-61986AAE03C1}.Release|Any CPU.ActiveCfg = Release|Any CPU
		{CC55C2F0-0753-4F46-AB46-61986AAE03C1}.Release|Any CPU.Build.0 = Release|Any CPU
	EndGlobalSection
	GlobalSection(NestedProjects) = preSolution
		{6C88C5CA-DD32-41C5-8B90-2B49371C8473} = {24E4F9CF-77DE-4390-A6D6-6E26B27A65E2}
		{B1CA545E-4BEB-499B-86AB-32D14711C0C8} = {24E4F9CF-77DE-4390-A6D6-6E26B27A65E2}
		{CC55C2F0-0753-4F46-AB46-61986AAE03C1} = {24E4F9CF-77DE-4390-A6D6-6E26B27A65E2}
	EndGlobalSection
EndGlobal
