{
  "version": 1,
  "dependencies": {
    "net8.0": {
      "System.DirectoryServices": {
        "type": "Direct",
        "requested": "[10.0.9, )",
        "resolved": "10.0.9",
        "contentHash": "AF8OLvTKeJek89WVELaRB722RSnUodblZ6qRrathez99gk4J24h6Z8FlHrbN2xKFVkGC2fWlrvGegm9XHU5Bng=="
      },
      "groupweaver.core": {
        "type": "Project"
      }
    },
    "net8.0/win-x64": {
      "System.DirectoryServices": {
        "type": "Direct",
        "requested": "[10.0.9, )",
        "resolved": "10.0.9",
        "contentHash": "AF8OLvTKeJek89WVELaRB722RSnUodblZ6qRrathez99gk4J24h6Z8FlHrbN2xKFVkGC2fWlrvGegm9XHU5Bng=="
      }
    }
  }
}